
Microsoft Visual Studio Solution File, Format Version 12.00
# Visual Studio Version 17
VisualStudioVersion = 17.1.32421.90
MinimumVisualStudioVersion = 10.0.40219.1
Project("{FAE04EC0-301F-11D3-BF4B-00C04F79EFBC}") = "Fechas", "Fechas.csproj", "{4941A7F8-E93F-477C-95C8-C30BAF454C2E}"
EndProject
Global
	GlobalSection(SolutionConfigurationPlatforms) = preSolution
		Debug|Any CPU = Debug|Any CPU
		Release|Any CPU = Release|Any CPU
	EndGlobalSection
	GlobalSection(ProjectConfigurationPlatforms) = postSolution
		{4941A7F8-E93F-477C-95C8-C30BAF454C2E}.Debug|Any CPU.ActiveCfg = Debug|Any CPU
		{4941A7F8-E93F-477C-95C8-C30BAF454C2E}.Debug|Any CPU.Build.0 = Debug|Any CPU
		{4941A7F8-E93F-477C-95C8-C30BAF454C2E}.Release|Any CPU.ActiveCfg = Release|Any CPU
		{4941A7F8-E93F-477C-95C8-C30BAF454C2E}.Release|Any CPU.Build.0 = Release|Any CPU
	EndGlobalSection
	GlobalSection(SolutionProperties) = preSolution
		HideSolutionNode = FALSE
	EndGlobalSection
	GlobalSection(ExtensibilityGlobals) = postSolution
		SolutionGuid = {5E35DD6A-35CB-4E0E-AAF3-F1D357EDFE58}
	EndGlobalSection
EndGlobal
